{
  "requires": true,
  "lockfileVersion": 1,
  "dependencies": {
    "@types/gsap": {
      "version": "1.20.2",
      "resolved": "https://registry.npmjs.org/@types/gsap/-/gsap-1.20.2.tgz",
      "integrity": "sha512-i9nUsnS32+VTgoX5IlaCYukJpCoB3c6h3bZvO67aIRdb3z8NFTWgeUDpQutLyb1ujowp6nw37qLQNvEowqq8yw=="
    },
    "gsap": {
      "version": "3.2.6",
      "resolved": "https://registry.npmjs.org/gsap/-/gsap-3.2.6.tgz",
      "integrity": "sha512-QX7WQWZUAooS9tOCYg4kKLcnjBreA4Xyu11EVx6zp4BbKijnMK+NtzkB47las/E0luFE84hGscOZm5vd13KzZA=="
    }
  }
}
